
Microsoft Visual Studio Solution File, Format Version 12.00
# Visual Studio Version 17
VisualStudioVersion = 17.5.002.0
MinimumVisualStudioVersion = 10.0.40219.1
Project("{9A19103F-16F7-4668-BE54-9A1E7A4F7556}") = "ChaidezMotorCompany.Api", "ChaidezMotorCompany.Api\ChaidezMotorCompany.Api.csproj", "{BB655557-7A38-40CD-A981-08616A524587}"
EndProject
Project("{FAE04EC0-301F-11D3-BF4B-00C04F79EFBC}") = "ChaidezMotorCompany.Domain", "ChaidezMotorCompany.Domain\ChaidezMotorCompany.Domain.csproj", "{B2065294-7F5F-4D8C-9D7C-23ED445AEA94}"
EndProject
Global
	GlobalSection(SolutionConfigurationPlatforms) = preSolution
		Debug|Any CPU = Debug|Any CPU
		Release|Any CPU = Release|Any CPU
	EndGlobalSection
	GlobalSection(ProjectConfigurationPlatforms) = postSolution
		{BB655557-7A38-40CD-A981-08616A524587}.Debug|Any CPU.ActiveCfg = Debug|Any CPU
		{BB655557-7A38-40CD-A981-08616A524587}.Debug|Any CPU.Build.0 = Debug|Any CPU
		{BB655557-7A38-40CD-A981-08616A524587}.Release|Any CPU.ActiveCfg = Release|Any CPU
		{BB655557-7A38-40CD-A981-08616A524587}.Release|Any CPU.Build.0 = Release|Any CPU
		{B2065294-7F5F-4D8C-9D7C-23ED445AEA94}.Debug|Any CPU.ActiveCfg = Debug|Any CPU
		{B2065294-7F5F-4D8C-9D7C-23ED445AEA94}.Debug|Any CPU.Build.0 = Debug|Any CPU
		{B2065294-7F5F-4D8C-9D7C-23ED445AEA94}.Release|Any CPU.ActiveCfg = Release|Any CPU
		{B2065294-7F5F-4D8C-9D7C-23ED445AEA94}.Release|Any CPU.Build.0 = Release|Any CPU
	EndGlobalSection
	GlobalSection(SolutionProperties) = preSolution
		HideSolutionNode = FALSE
	EndGlobalSection
	GlobalSection(ExtensibilityGlobals) = postSolution
		SolutionGuid = {455CAE96-14D3-4531-91F3-B7C81A3385FF}
	EndGlobalSection
EndGlobal
